
Microsoft Visual Studio Solution File, Format Version 12.00
# Visual Studio Version 17
VisualStudioVersion = 17.3.32929.385
MinimumVisualStudioVersion = 10.0.40219.1
Project("{9A19103F-16F7-4668-BE54-9A1E7A4F7556}") = "Data", "src\Data\Data.csproj", "{22D96153-521A-4A3F-B77D-A97E1AFBD619}"
EndProject
Project("{9A19103F-16F7-4668-BE54-9A1E7A4F7556}") = "Business", "src\Business\Business.csproj", "{9DD71DD4-F6A9-4CFC-8816-B614DE0D6D26}"
EndProject
Project("{9A19103F-16F7-4668-BE54-9A1E7A4F7556}") = "InterpriseStore", "src\InterpriseStore\InterpriseStore.csproj", "{6B567835-B608-4604-BB45-716C9DC3AA0A}"
EndProject
Project("{9A19103F-16F7-4668-BE54-9A1E7A4F7556}") = "MVC", "src\MVC\MVC.csproj", "{05E3AD7D-D753-469E-89EF-4AA10B95DE5E}"
EndProject
Global
	GlobalSection(SolutionConfigurationPlatforms) = preSolution
		Debug|Any CPU = Debug|Any CPU
		Release|Any CPU = Release|Any CPU
	EndGlobalSection
	GlobalSection(ProjectConfigurationPlatforms) = postSolution
		{22D96153-521A-4A3F-B77D-A97E1AFBD619}.Debug|Any CPU.ActiveCfg = Debug|Any CPU
		{22D96153-521A-4A3F-B77D-A97E1AFBD619}.Debug|Any CPU.Build.0 = Debug|Any CPU
		{22D96153-521A-4A3F-B77D-A97E1AFBD619}.Release|Any CPU.ActiveCfg = Release|Any CPU
		{22D96153-521A-4A3F-B77D-A97E1AFBD619}.Release|Any CPU.Build.0 = Release|Any CPU
		{9DD71DD4-F6A9-4CFC-8816-B614DE0D6D26}.Debug|Any CPU.ActiveCfg = Debug|Any CPU
		{9DD71DD4-F6A9-4CFC-8816-B614DE0D6D26}.Debug|Any CPU.Build.0 = Debug|Any CPU
		{9DD71DD4-F6A9-4CFC-8816-B614DE0D6D26}.Release|Any CPU.ActiveCfg = Release|Any CPU
		{9DD71DD4-F6A9-4CFC-8816-B614DE0D6D26}.Release|Any CPU.Build.0 = Release|Any CPU
		{6B567835-B608-4604-BB45-716C9DC3AA0A}.Debug|Any CPU.ActiveCfg = Debug|Any CPU
		{6B567835-B608-4604-BB45-716C9DC3AA0A}.Debug|Any CPU.Build.0 = Debug|Any CPU
		{6B567835-B608-4604-BB45-716C9DC3AA0A}.Release|Any CPU.ActiveCfg = Release|Any CPU
		{6B567835-B608-4604-BB45-716C9DC3AA0A}.Release|Any CPU.Build.0 = Release|Any CPU
		{05E3AD7D-D753-469E-89EF-4AA10B95DE5E}.Debug|Any CPU.ActiveCfg = Debug|Any CPU
		{05E3AD7D-D753-469E-89EF-4AA10B95DE5E}.Debug|Any CPU.Build.0 = Debug|Any CPU
		{05E3AD7D-D753-469E-89EF-4AA10B95DE5E}.Release|Any CPU.ActiveCfg = Release|Any CPU
		{05E3AD7D-D753-469E-89EF-4AA10B95DE5E}.Release|Any CPU.Build.0 = Release|Any CPU
	EndGlobalSection
	GlobalSection(SolutionProperties) = preSolution
		HideSolutionNode = FALSE
	EndGlobalSection
	GlobalSection(ExtensibilityGlobals) = postSolution
		SolutionGuid = {9602A278-F0B3-4296-BD2A-2FFB582E8A2F}
	EndGlobalSection
EndGlobal
